{
  "version": 4,
  "terraform_version": "1.2.6",
  "serial": 7,
  "lineage": "36706179-8a64-8ff5-5470-6a3f8e97a1f5",
  "outputs": {},
  "resources": [
    {
      "mode": "managed",
      "type": "okta_user",
      "name": "test",
      "provider": "provider[\"registry.terraform.io/okta/okta\"]",
      "instances": [
        {
          "schema_version": 0,
          "attributes": {
            "admin_roles": [],
            "city": null,
            "cost_center": null,
            "country_code": null,
            "custom_profile_attributes": "{}",
            "department": "graph, sec, other",
            "display_name": null,
            "division": null,
            "email": "testAcc-replace_with_uuid@example.com",
            "employee_number": null,
            "expire_password_on_create": false,
            "first_name": "TestAcc",
            "group_memberships": null,
            "honorific_prefix": null,
            "honorific_suffix": null,
            "id": "00u60x0ujqbCogKt45d7",
            "last_name": "Smith",
            "locale": null,
            "login": "testAcc-replace_with_uuid@example.com",
            "manager": null,
            "manager_id": null,
            "middle_name": null,
            "mobile_phone": null,
            "nick_name": null,
            "old_password": null,
            "organization": null,
            "password": null,
            "password_hash": [],
            "password_inline_hook": null,
            "postal_address": null,
            "preferred_language": null,
            "primary_phone": null,
            "profile_url": null,
            "raw_status": "PROVISIONED",
            "recovery_answer": null,
            "recovery_question": null,
            "second_email": null,
            "state": null,
            "status": "PROVISIONED",
            "street_address": null,
            "timezone": null,
            "title": null,
            "user_type": null,
            "zip_code": null
          },
          "sensitive_attributes": [],
          "private": "bnVsbA=="
        }
      ]
    }
  ]
}
